
Microsoft Visual Studio Solution File, Format Version 12.00
# Visual Studio 15
VisualStudioVersion = 15.0.28307.757
MinimumVisualStudioVersion = 10.0.40219.1
Project("{FAE04EC0-301F-11D3-BF4B-00C04F79EFBC}") = "MyTimerEvent", "MyTimerEvent\MyTimerEvent.csproj", "{491952A5-AD64-425A-A7D5-F282D8ECBACD}"
EndProject
Global
	GlobalSection(SolutionConfigurationPlatforms) = preSolution
		Debug|Any CPU = Debug|Any CPU
		Release|Any CPU = Release|Any CPU
	EndGlobalSection
	GlobalSection(ProjectConfigurationPlatforms) = postSolution
		{491952A5-AD64-425A-A7D5-F282D8ECBACD}.Debug|Any CPU.ActiveCfg = Debug|Any CPU
		{491952A5-AD64-425A-A7D5-F282D8ECBACD}.Debug|Any CPU.Build.0 = Debug|Any CPU
		{491952A5-AD64-425A-A7D5-F282D8ECBACD}.Release|Any CPU.ActiveCfg = Release|Any CPU
		{491952A5-AD64-425A-A7D5-F282D8ECBACD}.Release|Any CPU.Build.0 = Release|Any CPU
	EndGlobalSection
	GlobalSection(SolutionProperties) = preSolution
		HideSolutionNode = FALSE
	EndGlobalSection
	GlobalSection(ExtensibilityGlobals) = postSolution
		SolutionGuid = {3BD59CD4-84D2-4FB6-B04B-EE8B40DA5695}
	EndGlobalSection
EndGlobal
